
Microsoft Visual Studio Solution File, Format Version 12.00
# Visual Studio Version 16
VisualStudioVersion = 16.0.31702.278
MinimumVisualStudioVersion = 10.0.40219.1
Project("{FAE04EC0-301F-11D3-BF4B-00C04F79EFBC}") = "OOP_McAdam", "OOP_McAdam\OOP_McAdam.csproj", "{066180B1-A22B-49CF-A7F2-0F88CF3BC5E9}"
EndProject
Global
	GlobalSection(SolutionConfigurationPlatforms) = preSolution
		Debug|Any CPU = Debug|Any CPU
		Release|Any CPU = Release|Any CPU
	EndGlobalSection
	GlobalSection(ProjectConfigurationPlatforms) = postSolution
		{066180B1-A22B-49CF-A7F2-0F88CF3BC5E9}.Debug|Any CPU.ActiveCfg = Debug|Any CPU
		{066180B1-A22B-49CF-A7F2-0F88CF3BC5E9}.Debug|Any CPU.Build.0 = Debug|Any CPU
		{066180B1-A22B-49CF-A7F2-0F88CF3BC5E9}.Release|Any CPU.ActiveCfg = Release|Any CPU
		{066180B1-A22B-49CF-A7F2-0F88CF3BC5E9}.Release|Any CPU.Build.0 = Release|Any CPU
	EndGlobalSection
	GlobalSection(SolutionProperties) = preSolution
		HideSolutionNode = FALSE
	EndGlobalSection
	GlobalSection(ExtensibilityGlobals) = postSolution
		SolutionGuid = {C8B35982-4E78-4E65-8DA2-01A0512427EE}
	EndGlobalSection
EndGlobal
