
Microsoft Visual Studio Solution File, Format Version 12.00
# Visual Studio Version 17
VisualStudioVersion = 17.1.32210.238
MinimumVisualStudioVersion = 10.0.40219.1
Project("{FAE04EC0-301F-11D3-BF4B-00C04F79EFBC}") = "OOP_AracKayit", "OOP_AracKayit\OOP_AracKayit.csproj", "{6664AA43-7D18-473B-8260-514524CB5BFE}"
EndProject
Global
	GlobalSection(SolutionConfigurationPlatforms) = preSolution
		Debug|Any CPU = Debug|Any CPU
		Release|Any CPU = Release|Any CPU
	EndGlobalSection
	GlobalSection(ProjectConfigurationPlatforms) = postSolution
		{6664AA43-7D18-473B-8260-514524CB5BFE}.Debug|Any CPU.ActiveCfg = Debug|Any CPU
		{6664AA43-7D18-473B-8260-514524CB5BFE}.Debug|Any CPU.Build.0 = Debug|Any CPU
		{6664AA43-7D18-473B-8260-514524CB5BFE}.Release|Any CPU.ActiveCfg = Release|Any CPU
		{6664AA43-7D18-473B-8260-514524CB5BFE}.Release|Any CPU.Build.0 = Release|Any CPU
	EndGlobalSection
	GlobalSection(SolutionProperties) = preSolution
		HideSolutionNode = FALSE
	EndGlobalSection
	GlobalSection(ExtensibilityGlobals) = postSolution
		SolutionGuid = {DA990D8F-8F28-4CE0-B4D9-ABB3AC0B9AD5}
	EndGlobalSection
EndGlobal
